{
  "originHash" : "dc52afcea772b201f2d5741540a536a13cb811de90826e0b127d3c30007a8588",
  "pins" : [
    {
      "identity" : "elorater",
      "kind" : "remoteSourceControl",
      "location" : "git@github.com:joshgrant/EloRater.git",
      "state" : {
        "branch" : "main",
        "revision" : "5ede769a9b6b6ad05a4d2632420869628c3e10ad"
      }
    }
  ],
  "version" : 3
}
